
Microsoft Visual Studio Solution File, Format Version 12.00
# Visual Studio Version 16
VisualStudioVersion = 16.0.30517.126
MinimumVisualStudioVersion = 10.0.40219.1
Project("{8BC9CEB8-8B4A-11D0-8D11-00A0C91BC942}") = "Dodona", "Dodona.vcxproj", "{F39A940F-49E7-4281-81D9-33BC88CC39D6}"
EndProject
Project("{8BC9CEB8-8B4A-11D0-8D11-00A0C91BC942}") = "DodonaOnWindows", "..\DodonaOnWindows\DodonaOnWindows.vcxproj", "{4706B87A-418D-41FD-A812-A8DA57B05EFA}"
EndProject
Project("{8BC9CEB8-8B4A-11D0-8D11-00A0C91BC942}") = "TestDodona", "..\TestDodona\TestDodona.vcxproj", "{7C94BA03-A034-484D-BC24-A2FF6CF8B9B0}"
EndProject
Global
	GlobalSection(SolutionConfigurationPlatforms) = preSolution
		Debug|x64 = Debug|x64
		Debug|x86 = Debug|x86
		Release|x64 = Release|x64
		Release|x86 = Release|x86
	EndGlobalSection
	GlobalSection(ProjectConfigurationPlatforms) = postSolution
		{F39A940F-49E7-4281-81D9-33BC88CC39D6}.Debug|x64.ActiveCfg = Debug|x64
		{F39A940F-49E7-4281-81D9-33BC88CC39D6}.Debug|x64.Build.0 = Debug|x64
		{F39A940F-49E7-4281-81D9-33BC88CC39D6}.Debug|x86.ActiveCfg = Debug|Win32
		{F39A940F-49E7-4281-81D9-33BC88CC39D6}.Debug|x86.Build.0 = Debug|Win32
		{F39A940F-49E7-4281-81D9-33BC88CC39D6}.Release|x64.ActiveCfg = Release|x64
		{F39A940F-49E7-4281-81D9-33BC88CC39D6}.Release|x64.Build.0 = Release|x64
		{F39A940F-49E7-4281-81D9-33BC88CC39D6}.Release|x86.ActiveCfg = Release|Win32
		{F39A940F-49E7-4281-81D9-33BC88CC39D6}.Release|x86.Build.0 = Release|Win32
		{4706B87A-418D-41FD-A812-A8DA57B05EFA}.Debug|x64.ActiveCfg = Debug|x64
		{4706B87A-418D-41FD-A812-A8DA57B05EFA}.Debug|x64.Build.0 = Debug|x64
		{4706B87A-418D-41FD-A812-A8DA57B05EFA}.Debug|x86.ActiveCfg = Debug|Win32
		{4706B87A-418D-41FD-A812-A8DA57B05EFA}.Debug|x86.Build.0 = Debug|Win32
		{4706B87A-418D-41FD-A812-A8DA57B05EFA}.Release|x64.ActiveCfg = Release|x64
		{4706B87A-418D-41FD-A812-A8DA57B05EFA}.Release|x64.Build.0 = Release|x64
		{4706B87A-418D-41FD-A812-A8DA57B05EFA}.Release|x86.ActiveCfg = Release|Win32
		{4706B87A-418D-41FD-A812-A8DA57B05EFA}.Release|x86.Build.0 = Release|Win32
		{7C94BA03-A034-484D-BC24-A2FF6CF8B9B0}.Debug|x64.ActiveCfg = Debug|x64
		{7C94BA03-A034-484D-BC24-A2FF6CF8B9B0}.Debug|x64.Build.0 = Debug|x64
		{7C94BA03-A034-484D-BC24-A2FF6CF8B9B0}.Debug|x86.ActiveCfg = Debug|Win32
		{7C94BA03-A034-484D-BC24-A2FF6CF8B9B0}.Debug|x86.Build.0 = Debug|Win32
		{7C94BA03-A034-484D-BC24-A2FF6CF8B9B0}.Release|x64.ActiveCfg = Release|x64
		{7C94BA03-A034-484D-BC24-A2FF6CF8B9B0}.Release|x64.Build.0 = Release|x64
		{7C94BA03-A034-484D-BC24-A2FF6CF8B9B0}.Release|x86.ActiveCfg = Release|Win32
		{7C94BA03-A034-484D-BC24-A2FF6CF8B9B0}.Release|x86.Build.0 = Release|Win32
	EndGlobalSection
	GlobalSection(SolutionProperties) = preSolution
		HideSolutionNode = FALSE
	EndGlobalSection
	GlobalSection(ExtensibilityGlobals) = postSolution
		SolutionGuid = {FE3EA3DE-DACC-4A1E-8BF0-E38B1E17902B}
	EndGlobalSection
EndGlobal
