<?xml version="1.0" encoding="utf-8"?>
<Project ToolsVersion="4.0" xmlns="http://schemas.microsoft.com/developer/msbuild/2003">
  <ItemGroup>
    <ClCompile Include="..\..\src\adc.c">
      <Filter>src</Filter>
    </ClCompile>
    <ClCompile Include="..\..\src\burn.c">
      <Filter>src</Filter>
    </ClCompile>
    <ClCompile Include="..\..\src\clocktest.c">
      <Filter>src</Filter>
    </ClCompile>
    <ClCompile Include="..\..\src\commandmanager.c">
      <Filter>src</Filter>
    </ClCompile>
    <ClCompile Include="..\..\src\crc.c">
      <Filter>src</Filter>
    </ClCompile>
    <ClCompile Include="..\..\src\debug.c">
      <Filter>src</Filter>
    </ClCompile>
    <ClCompile Include="..\..\src\downlinkmessage.c">
      <Filter>src</Filter>
    </ClCompile>
    <ClCompile Include="..\..\src\eps.c">
      <Filter>src</Filter>
    </ClCompile>
    <ClCompile Include="..\..\src\errors.c">
      <Filter>src</Filter>
    </ClCompile>
    <ClCompile Include="..\..\src\flash_AT25DF641.c">
      <Filter>src</Filter>
    </ClCompile>
    <ClCompile Include="..\..\src\flashmanager.c">
      <Filter>src</Filter>
    </ClCompile>
    <ClCompile Include="..\..\src\fredtime.c">
      <Filter>src</Filter>
    </ClCompile>
    <ClCompile Include="..\..\src\FSW.c">
      <Filter>src</Filter>
    </ClCompile>
    <ClCompile Include="..\..\src\geomag.c">
      <Filter>src</Filter>
    </ClCompile>
    <ClCompile Include="..\..\src\gyro.c">
      <Filter>src</Filter>
    </ClCompile>
    <ClCompile Include="..\..\src\hyperterm.c">
      <Filter>src</Filter>
    </ClCompile>
    <ClCompile Include="..\..\src\i2c.c">
      <Filter>src</Filter>
    </ClCompile>
    <ClCompile Include="..\..\src\imi100.c">
      <Filter>src</Filter>
    </ClCompile>
    <ClCompile Include="..\..\src\inet.c">
      <Filter>src</Filter>
    </ClCompile>
    <ClCompile Include="..\..\src\itag.c">
      <Filter>src</Filter>
    </ClCompile>
    <ClCompile Include="..\..\src\labview.c">
      <Filter>src</Filter>
    </ClCompile>
    <ClCompile Include="..\..\src\linkmanager.c">
      <Filter>src</Filter>
    </ClCompile>
    <ClCompile Include="..\..\src\loader_pcd.c">
      <Filter>src</Filter>
    </ClCompile>
    <ClCompile Include="..\..\src\lower_tx.c">
      <Filter>src</Filter>
    </ClCompile>
    <ClCompile Include="..\..\src\macros.c">
      <Filter>src</Filter>
    </ClCompile>
    <ClCompile Include="..\..\src\maestro.c">
      <Filter>src</Filter>
    </ClCompile>
    <ClCompile Include="..\..\src\maestro_flash.c">
      <Filter>src</Filter>
    </ClCompile>
    <ClCompile Include="..\..\src\mag.c">
      <Filter>src</Filter>
    </ClCompile>
    <ClCompile Include="..\..\src\main.c">
      <Filter>src</Filter>
    </ClCompile>
    <ClCompile Include="..\..\src\mhx.c">
      <Filter>src</Filter>
    </ClCompile>
    <ClCompile Include="..\..\src\mystack.c">
      <Filter>src</Filter>
    </ClCompile>
    <ClCompile Include="..\..\src\Neon.c">
      <Filter>src</Filter>
    </ClCompile>
    <ClCompile Include="..\..\src\nonblock.c">
      <Filter>src</Filter>
    </ClCompile>
    <ClCompile Include="..\..\src\orbit.c">
      <Filter>src</Filter>
    </ClCompile>
    <ClCompile Include="..\..\src\payload_smartsat.c">
      <Filter>src</Filter>
    </ClCompile>
    <ClCompile Include="..\..\src\payloadmanager.c">
      <Filter>src</Filter>
    </ClCompile>
    <ClCompile Include="..\..\src\ports.c">
      <Filter>src</Filter>
    </ClCompile>
    <ClCompile Include="..\..\src\schedule.c">
      <Filter>src</Filter>
    </ClCompile>
    <ClCompile Include="..\..\src\spi.c">
      <Filter>src</Filter>
    </ClCompile>
    <ClCompile Include="..\..\src\stensat.c">
      <Filter>src</Filter>
    </ClCompile>
    <ClCompile Include="..\..\src\sunsensor.c">
      <Filter>src</Filter>
    </ClCompile>
    <ClCompile Include="..\..\src\telemetry.c">
      <Filter>src</Filter>
    </ClCompile>
    <ClCompile Include="..\..\src\time.c">
      <Filter>src</Filter>
    </ClCompile>
    <ClCompile Include="..\..\src\transceiver_gomspace.c">
      <Filter>src</Filter>
    </ClCompile>
    <ClCompile Include="..\..\src\tx_manager.c">
      <Filter>src</Filter>
    </ClCompile>
    <ClCompile Include="..\..\src\uplinkmessage.c">
      <Filter>src</Filter>
    </ClCompile>
    <ClCompile Include="..\..\src\GomSpace\crc32.c">
      <Filter>src\GomSpace</Filter>
    </ClCompile>
    <ClCompile Include="..\..\src\GomSpace\cspHeader.c">
      <Filter>src\GomSpace</Filter>
    </ClCompile>
    <ClCompile Include="..\..\src\GomSpace\frame.c">
      <Filter>src\GomSpace</Filter>
    </ClCompile>
    <ClCompile Include="..\..\src\GomSpace\kiss.c">
      <Filter>src\GomSpace</Filter>
    </ClCompile>
  </ItemGroup>
  <ItemGroup>
    <ClInclude Include="..\..\src\24FJ256GA110.h">
      <Filter>include</Filter>
    </ClInclude>
    <ClInclude Include="..\..\src\adc.h">
      <Filter>include</Filter>
    </ClInclude>
    <ClInclude Include="..\..\src\address.h">
      <Filter>include</Filter>
    </ClInclude>
    <ClInclude Include="..\..\src\address_lower.h">
      <Filter>include</Filter>
    </ClInclude>
    <ClInclude Include="..\..\src\address_upper.h">
      <Filter>include</Filter>
    </ClInclude>
    <ClInclude Include="..\..\src\burn.h">
      <Filter>include</Filter>
    </ClInclude>
    <ClInclude Include="..\..\src\commandmanager.h">
      <Filter>include</Filter>
    </ClInclude>
    <ClInclude Include="..\..\src\common.h">
      <Filter>include</Filter>
    </ClInclude>
    <ClInclude Include="..\..\src\config.h">
      <Filter>include</Filter>
    </ClInclude>
    <ClInclude Include="..\..\src\crc.h">
      <Filter>include</Filter>
    </ClInclude>
    <ClInclude Include="..\..\src\debug.h">
      <Filter>include</Filter>
    </ClInclude>
    <ClInclude Include="..\..\src\downlinkmessage.h">
      <Filter>include</Filter>
    </ClInclude>
    <ClInclude Include="..\..\src\eps.h">
      <Filter>include</Filter>
    </ClInclude>
    <ClInclude Include="..\..\src\errors.h">
      <Filter>include</Filter>
    </ClInclude>
    <ClInclude Include="..\..\src\flash.h">
      <Filter>include</Filter>
    </ClInclude>
    <ClInclude Include="..\..\src\flashmanager.h">
      <Filter>include</Filter>
    </ClInclude>
    <ClInclude Include="..\..\src\fredtime.h">
      <Filter>include</Filter>
    </ClInclude>
    <ClInclude Include="..\..\src\fsw.h">
      <Filter>include</Filter>
    </ClInclude>
    <ClInclude Include="..\..\src\geomag.h">
      <Filter>include</Filter>
    </ClInclude>
    <ClInclude Include="..\..\src\globals.h">
      <Filter>include</Filter>
    </ClInclude>
    <ClInclude Include="..\..\src\gyro.h">
      <Filter>include</Filter>
    </ClInclude>
    <ClInclude Include="..\..\src\hyperterm.h">
      <Filter>include</Filter>
    </ClInclude>
    <ClInclude Include="..\..\src\i2c.h">
      <Filter>include</Filter>
    </ClInclude>
    <ClInclude Include="..\..\src\imi100.h">
      <Filter>include</Filter>
    </ClInclude>
    <ClInclude Include="..\..\src\inet.h">
      <Filter>include</Filter>
    </ClInclude>
    <ClInclude Include="..\..\src\itag.h">
      <Filter>include</Filter>
    </ClInclude>
    <ClInclude Include="..\..\src\labview.h">
      <Filter>include</Filter>
    </ClInclude>
    <ClInclude Include="..\..\src\linalg.h">
      <Filter>include</Filter>
    </ClInclude>
    <ClInclude Include="..\..\src\linkmanager.h">
      <Filter>include</Filter>
    </ClInclude>
    <ClInclude Include="..\..\src\lower_tx.h">
      <Filter>include</Filter>
    </ClInclude>
    <ClInclude Include="..\..\src\macros.h">
      <Filter>include</Filter>
    </ClInclude>
    <ClInclude Include="..\..\src\maestro.h">
      <Filter>include</Filter>
    </ClInclude>
    <ClInclude Include="..\..\src\maestro_flash.h">
      <Filter>include</Filter>
    </ClInclude>
    <ClInclude Include="..\..\src\mag.h">
      <Filter>include</Filter>
    </ClInclude>
    <ClInclude Include="..\..\src\menu.h">
      <Filter>include</Filter>
    </ClInclude>
    <ClInclude Include="..\..\src\mhx.h">
      <Filter>include</Filter>
    </ClInclude>
    <ClInclude Include="..\..\src\mystack.h">
      <Filter>include</Filter>
    </ClInclude>
    <ClInclude Include="..\..\src\Neon.h">
      <Filter>include</Filter>
    </ClInclude>
    <ClInclude Include="..\..\src\nonblock.h">
      <Filter>include</Filter>
    </ClInclude>
    <ClInclude Include="..\..\src\orbit.h">
      <Filter>include</Filter>
    </ClInclude>
    <ClInclude Include="..\..\src\payload.h">
      <Filter>include</Filter>
    </ClInclude>
    <ClInclude Include="..\..\src\payloadmanager.h">
      <Filter>include</Filter>
    </ClInclude>
    <ClInclude Include="..\..\src\PCD_Bootloader.h">
      <Filter>include</Filter>
    </ClInclude>
    <ClInclude Include="..\..\src\pins.h">
      <Filter>include</Filter>
    </ClInclude>
    <ClInclude Include="..\..\src\pinscustom.h">
      <Filter>include</Filter>
    </ClInclude>
    <ClInclude Include="..\..\src\pinslower.h">
      <Filter>include</Filter>
    </ClInclude>
    <ClInclude Include="..\..\src\pinsupper.h">
      <Filter>include</Filter>
    </ClInclude>
    <ClInclude Include="..\..\src\ports.h">
      <Filter>include</Filter>
    </ClInclude>
    <ClInclude Include="..\..\src\schedule.h">
      <Filter>include</Filter>
    </ClInclude>
    <ClInclude Include="..\..\src\spi.h">
      <Filter>include</Filter>
    </ClInclude>
    <ClInclude Include="..\..\src\stensat.h">
      <Filter>include</Filter>
    </ClInclude>
    <ClInclude Include="..\..\src\sunsensor.h">
      <Filter>include</Filter>
    </ClInclude>
    <ClInclude Include="..\..\src\telemetry.h">
      <Filter>include</Filter>
    </ClInclude>
    <ClInclude Include="..\..\src\time.h">
      <Filter>include</Filter>
    </ClInclude>
    <ClInclude Include="..\..\src\transceiver.h">
      <Filter>include</Filter>
    </ClInclude>
    <ClInclude Include="..\..\src\tx_manager.h">
      <Filter>include</Filter>
    </ClInclude>
    <ClInclude Include="..\..\src\unsorted.h">
      <Filter>include</Filter>
    </ClInclude>
    <ClInclude Include="..\..\src\uplinkmessage.h">
      <Filter>include</Filter>
    </ClInclude>
    <ClInclude Include="..\..\src\wmm.h">
      <Filter>include</Filter>
    </ClInclude>
    <ClInclude Include="..\..\src\wmmrows.h">
      <Filter>include</Filter>
    </ClInclude>
    <ClInclude Include="..\..\src\GomSpace\crc32.h">
      <Filter>include\GomSpace</Filter>
    </ClInclude>
    <ClInclude Include="..\..\src\GomSpace\cspHeader.h">
      <Filter>include\GomSpace</Filter>
    </ClInclude>
    <ClInclude Include="..\..\src\GomSpace\frame.h">
      <Filter>include\GomSpace</Filter>
    </ClInclude>
    <ClInclude Include="..\..\src\GomSpace\kiss.h">
      <Filter>include\GomSpace</Filter>
    </ClInclude>
  </ItemGroup>
  <ItemGroup>
    <None Include="..\..\README.md" />
  </ItemGroup>
  <ItemGroup>
    <Filter Include="src">
      <UniqueIdentifier>{0eba3481-4adf-4b68-9053-25075b98914b}</UniqueIdentifier>
    </Filter>
    <Filter Include="include">
      <UniqueIdentifier>{0763d168-a873-42a6-a0bb-09efa38aeba3}</UniqueIdentifier>
    </Filter>
    <Filter Include="src\GomSpace">
      <UniqueIdentifier>{f3db0f91-4a85-4548-8cfc-b716960700e9}</UniqueIdentifier>
    </Filter>
    <Filter Include="include\GomSpace">
      <UniqueIdentifier>{d34e5239-1ce1-4672-a257-9502d59c8f3d}</UniqueIdentifier>
    </Filter>
  </ItemGroup>
</Project>